
Microsoft Visual Studio Solution File, Format Version 11.00
# Visual Studio 2010
Project("{FAE04EC0-301F-11D3-BF4B-00C04F79EFBC}") = "LibInCryptoSec2", "LibInCryptoSec2\LibInCryptoSec2.csproj", "{8AB1F35C-8B0D-43CB-AC11-6C48DB7B79F5}"
EndProject
Project("{FAE04EC0-301F-11D3-BF4B-00C04F79EFBC}") = "InGtkCryptoSec2", "InGtkCryptoSec2\InGtkCryptoSec2.csproj", "{70DE7228-9491-4D1E-92C1-820FA73660BA}"
EndProject
Project("{2150E333-8FDC-42A3-9474-1A3956D46DE8}") = "Solution Items", "Solution Items", "{42BB289D-189E-4BB8-BCDD-DF355C4E0FDD}"
	ProjectSection(SolutionItems) = preProject
		LICENSE = LICENSE
		README.md = README.md
	EndProjectSection
EndProject
Global
	GlobalSection(SolutionConfigurationPlatforms) = preSolution
		Debug|Any CPU = Debug|Any CPU
		Release|Any CPU = Release|Any CPU
	EndGlobalSection
	GlobalSection(ProjectConfigurationPlatforms) = postSolution
		{70DE7228-9491-4D1E-92C1-820FA73660BA}.Debug|Any CPU.ActiveCfg = Debug|Any CPU
		{70DE7228-9491-4D1E-92C1-820FA73660BA}.Debug|Any CPU.Build.0 = Debug|Any CPU
		{70DE7228-9491-4D1E-92C1-820FA73660BA}.Release|Any CPU.ActiveCfg = Release|Any CPU
		{70DE7228-9491-4D1E-92C1-820FA73660BA}.Release|Any CPU.Build.0 = Release|Any CPU
		{8AB1F35C-8B0D-43CB-AC11-6C48DB7B79F5}.Debug|Any CPU.ActiveCfg = Debug|Any CPU
		{8AB1F35C-8B0D-43CB-AC11-6C48DB7B79F5}.Debug|Any CPU.Build.0 = Debug|Any CPU
		{8AB1F35C-8B0D-43CB-AC11-6C48DB7B79F5}.Release|Any CPU.ActiveCfg = Release|Any CPU
		{8AB1F35C-8B0D-43CB-AC11-6C48DB7B79F5}.Release|Any CPU.Build.0 = Release|Any CPU
	EndGlobalSection
	GlobalSection(NestedProjects) = preSolution
	EndGlobalSection
	GlobalSection(MonoDevelopProperties) = preSolution
		Policies = $0
		$0.StandardHeader = $1
		$1.Text = @ \n ${FileName}\n \n Author:\n      ${AuthorName} <${AuthorEmail}>\n\n Copyright (c) ${Year} ${CopyrightHolder}\n\n This program is free software: you can redistribute it and/or modify\n it under the terms of the GNU General Public License as published by\n the Free Software Foundation, either version 3 of the License, or\n (at your option) any later version.\n\n This program is distributed in the hope that it will be useful,\n but WITHOUT ANY WARRANTY; without even the implied warranty of\n MERCHANTABILITY or FITNESS FOR A PARTICULAR PURPOSE.  See the\n GNU General Public License for more details.\n\n You should have received a copy of the GNU General Public License\n along with this program.  If not, see <http://www.gnu.org/licenses/>.
		$1.IncludeInNewFiles = True
		$0.VersionControlPolicy = $2
		$2.CommitMessageStyle = $3
		$3.Header = @${Date:dd.MM.yyyy hh:mm:ss}  ${AuthorName}  <${AuthorEmail}>\n\n
		$3.LastFilePostfix = "@:\n  "
		$3.IncludeDirectoryPaths = True
		$2.inheritsSet = Mono
		$0.ChangeLogPolicy = $4
		$4.UpdateMode = None
		$4.MessageStyle = $5
		$5.Header = @${Date:dd.MM.yyyy hh:mm:ss}  ${AuthorName}  <${AuthorEmail}>\n\n
		$5.LastFilePostfix = "@:\n  "
		$5.IncludeDirectoryPaths = True
		$4.inheritsSet = Mono
		$0.DotNetNamingPolicy = $6
		$6.DirectoryNamespaceAssociation = PrefixedHierarchical
		$6.ResourceNamePolicy = MSBuild
		$0.TextStylePolicy = $7
		$7.FileWidth = 120
		$7.EolMarker = Windows
		$7.inheritsSet = VisualStudio
		$7.inheritsScope = text/plain
		$7.scope = text/x-csharp
		$0.CSharpFormattingPolicy = $8
		$8.IndentSwitchBody = True
		$8.AutoPropertyFormatting = ForceNewLine
		$8.AnonymousMethodBraceStyle = NextLine
		$8.PropertyBraceStyle = NextLine
		$8.PropertyGetBraceStyle = NextLine
		$8.PropertySetBraceStyle = NextLine
		$8.SimpleGetBlockFormatting = ForceNewLine
		$8.EventBraceStyle = NextLine
		$8.EventAddBraceStyle = NextLine
		$8.EventRemoveBraceStyle = NextLine
		$8.StatementBraceStyle = NextLine
		$8.ElseNewLinePlacement = NewLine
		$8.ElseIfNewLinePlacement = NewLine
		$8.CatchNewLinePlacement = NewLine
		$8.FinallyNewLinePlacement = NewLine
		$8.WhileNewLinePlacement = NewLine
		$8.BeforeMethodDeclarationParentheses = False
		$8.BeforeMethodCallParentheses = False
		$8.BeforeConstructorDeclarationParentheses = False
		$8.NewLineAfterConstructorInitializerColon = SameLine
		$8.BeforeIndexerDeclarationBracket = False
		$8.BeforeDelegateDeclarationParentheses = False
		$8.AfterDelegateDeclarationParameterComma = True
		$8.NewParentheses = False
		$8.ForParentheses = False
		$8.SpacesBeforeBrackets = False
		$8.MethodCallArgumentWrapping = WrapIfTooLong
		$8.MethodDeclarationParameterWrapping = WrapIfTooLong
		$8.IndexerDeclarationParameterWrapping = DoNotWrap
		$8.NewLineAferIndexerDeclarationOpenBracket = SameLine
		$8.IndexerDeclarationClosingBracketOnNewLine = SameLine
		$8.AlignToFirstIndexerDeclarationParameter = False
		$8.IndexerArgumentWrapping = DoNotWrap
		$8.inheritsSet = Mono
		$8.inheritsScope = text/x-csharp
		$8.scope = text/x-csharp
		$0.TextStylePolicy = $9
		$9.FileWidth = 120
		$9.EolMarker = Windows
		$9.inheritsSet = VisualStudio
		$9.inheritsScope = text/plain
		$9.scope = text/plain
		$0.NameConventionPolicy = $10
		$10.Rules = $11
		$11.NamingRule = $12
		$12.Name = Namespaces
		$12.AffectedEntity = Namespace
		$12.VisibilityMask = VisibilityMask
		$12.NamingStyle = PascalCase
		$12.IncludeInstanceMembers = True
		$12.IncludeStaticEntities = True
		$11.NamingRule = $13
		$13.Name = Types
		$13.AffectedEntity = Class, Struct, Enum, Delegate
		$13.VisibilityMask = VisibilityMask
		$13.NamingStyle = PascalCase
		$13.IncludeInstanceMembers = True
		$13.IncludeStaticEntities = True
		$11.NamingRule = $14
		$14.Name = Interfaces
		$14.RequiredPrefixes = $15
		$15.String = I
		$14.AffectedEntity = Interface
		$14.VisibilityMask = VisibilityMask
		$14.NamingStyle = PascalCase
		$14.IncludeInstanceMembers = True
		$14.IncludeStaticEntities = True
		$11.NamingRule = $16
		$16.Name = Attributes
		$16.RequiredSuffixes = $17
		$17.String = Attribute
		$16.AffectedEntity = CustomAttributes
		$16.VisibilityMask = VisibilityMask
		$16.NamingStyle = PascalCase
		$16.IncludeInstanceMembers = True
		$16.IncludeStaticEntities = True
		$11.NamingRule = $18
		$18.Name = Event Arguments
		$18.RequiredSuffixes = $19
		$19.String = EventArgs
		$18.AffectedEntity = CustomEventArgs
		$18.VisibilityMask = VisibilityMask
		$18.NamingStyle = PascalCase
		$18.IncludeInstanceMembers = True
		$18.IncludeStaticEntities = True
		$11.NamingRule = $20
		$20.Name = Exceptions
		$20.RequiredSuffixes = $21
		$21.String = Exception
		$20.AffectedEntity = CustomExceptions
		$20.VisibilityMask = VisibilityMask
		$20.NamingStyle = PascalCase
		$20.IncludeInstanceMembers = True
		$20.IncludeStaticEntities = True
		$11.NamingRule = $22
		$22.Name = Methods
		$22.AffectedEntity = Methods
		$22.VisibilityMask = VisibilityMask
		$22.NamingStyle = PascalCase
		$22.IncludeInstanceMembers = True
		$22.IncludeStaticEntities = True
		$11.NamingRule = $23
		$23.Name = Static Readonly Fields
		$23.AffectedEntity = ReadonlyField
		$23.VisibilityMask = Internal, Protected, Public
		$23.NamingStyle = PascalCase
		$23.IncludeInstanceMembers = False
		$23.IncludeStaticEntities = True
		$11.NamingRule = $24
		$24.Name = Fields (Non Private)
		$24.AffectedEntity = Field
		$24.VisibilityMask = Internal, Protected, Public
		$24.NamingStyle = PascalCase
		$24.IncludeInstanceMembers = True
		$24.IncludeStaticEntities = True
		$11.NamingRule = $25
		$25.Name = ReadOnly Fields (Non Private)
		$25.AffectedEntity = ReadonlyField
		$25.VisibilityMask = Internal, Protected, Public
		$25.NamingStyle = PascalCase
		$25.IncludeInstanceMembers = True
		$25.IncludeStaticEntities = False
		$11.NamingRule = $26
		$26.Name = Fields (Private)
		$26.AllowedPrefixes = $27
		$27.String = _
		$27.String = m_
		$26.AffectedEntity = Field, ReadonlyField
		$26.VisibilityMask = Private
		$26.NamingStyle = CamelCase
		$26.IncludeInstanceMembers = True
		$26.IncludeStaticEntities = False
		$11.NamingRule = $28
		$28.Name = Static Fields (Private)
		$28.AffectedEntity = Field
		$28.VisibilityMask = Private
		$28.NamingStyle = CamelCase
		$28.IncludeInstanceMembers = False
		$28.IncludeStaticEntities = True
		$11.NamingRule = $29
		$29.Name = ReadOnly Fields (Private)
		$29.AllowedPrefixes = $30
		$30.String = _
		$30.String = m_
		$29.AffectedEntity = ReadonlyField
		$29.VisibilityMask = Private
		$29.NamingStyle = CamelCase
		$29.IncludeInstanceMembers = True
		$29.IncludeStaticEntities = False
		$11.NamingRule = $31
		$31.Name = Constant Fields
		$31.AffectedEntity = ConstantField
		$31.VisibilityMask = VisibilityMask
		$31.NamingStyle = PascalCase
		$31.IncludeInstanceMembers = True
		$31.IncludeStaticEntities = True
		$11.NamingRule = $32
		$32.Name = Properties
		$32.AffectedEntity = Property
		$32.VisibilityMask = VisibilityMask
		$32.NamingStyle = PascalCase
		$32.IncludeInstanceMembers = True
		$32.IncludeStaticEntities = True
		$11.NamingRule = $33
		$33.Name = Events
		$33.AffectedEntity = Event
		$33.VisibilityMask = VisibilityMask
		$33.NamingStyle = PascalCase
		$33.IncludeInstanceMembers = True
		$33.IncludeStaticEntities = True
		$11.NamingRule = $34
		$34.Name = Enum Members
		$34.AffectedEntity = EnumMember
		$34.VisibilityMask = VisibilityMask
		$34.NamingStyle = PascalCase
		$34.IncludeInstanceMembers = True
		$34.IncludeStaticEntities = True
		$11.NamingRule = $35
		$35.Name = Parameters
		$35.AffectedEntity = Parameter
		$35.VisibilityMask = VisibilityMask
		$35.NamingStyle = CamelCase
		$35.IncludeInstanceMembers = True
		$35.IncludeStaticEntities = True
		$11.NamingRule = $36
		$36.Name = Type Parameters
		$36.RequiredPrefixes = $37
		$37.String = T
		$36.AffectedEntity = TypeParameter
		$36.VisibilityMask = VisibilityMask
		$36.NamingStyle = PascalCase
		$36.IncludeInstanceMembers = True
		$36.IncludeStaticEntities = True
		description = InCryptoSec2 .NET solution for LibInCryptoSec2 and InGtkCryptoSec2 projects.
	EndGlobalSection
EndGlobal
